{
  "name": "langdetect",
  "version": "1.0.0",
  "lockfileVersion": 1,
  "requires": true,
  "dependencies": {
    "languagedetect": {
      "version": "1.1.1",
      "resolved": "https://registry.npmjs.org/languagedetect/-/languagedetect-1.1.1.tgz",
      "integrity": "sha1-i+NjvSR2j5LG4ENwbxOzqSlJIKs="
    }
  }
}
